// !$*UTF8*$!
{
	archiveVersion = 1;
	classes = {
	};
	objectVersion = 50;
	objects = {

/* Begin PBXBuildFile section */
		62FE65BB21693F8700A07EB8 /* Podfile in Resources */ = {isa = PBXBuildFile; fileRef = 62FE65BA21693F8700A07EB8 /* Podfile */; };
		AF5F8AC821697EF8009304C5 /* FluShotProviders.swift in Sources */ = {isa = PBXBuildFile; fileRef = AF5F8AC721697EF8009304C5 /* FluShotProviders.swift */; };
		AF5F8AC921697EF8009304C5 /* FluShotProviders.swift in Sources */ = {isa = PBXBuildFile; fileRef = AF5F8AC721697EF8009304C5 /* FluShotProviders.swift */; };
		AF5F8ACA21697EF8009304C5 /* FluShotProviders.swift in Sources */ = {isa = PBXBuildFile; fileRef = AF5F8AC721697EF8009304C5 /* FluShotProviders.swift */; };
		AF5F8B0F216A0565009304C5 /* SegueFromLeft.swift in Sources */ = {isa = PBXBuildFile; fileRef = AF5F8B0E216A0565009304C5 /* SegueFromLeft.swift */; };
		AF5F8B10216A0565009304C5 /* SegueFromLeft.swift in Sources */ = {isa = PBXBuildFile; fileRef = AF5F8B0E216A0565009304C5 /* SegueFromLeft.swift */; };
		AF5F8B11216A0565009304C5 /* SegueFromLeft.swift in Sources */ = {isa = PBXBuildFile; fileRef = AF5F8B0E216A0565009304C5 /* SegueFromLeft.swift */; };
		AF5F8B13216A0A27009304C5 /* UIPickerController.swift in Sources */ = {isa = PBXBuildFile; fileRef = AF5F8B12216A0A27009304C5 /* UIPickerController.swift */; };
		AF5F8B14216A0A27009304C5 /* UIPickerController.swift in Sources */ = {isa = PBXBuildFile; fileRef = AF5F8B12216A0A27009304C5 /* UIPickerController.swift */; };
		AF5F8B15216A0A27009304C5 /* UIPickerController.swift in Sources */ = {isa = PBXBuildFile; fileRef = AF5F8B12216A0A27009304C5 /* UIPickerController.swift */; };
		AF5F8B17216A0D4D009304C5 /* ViewController.swift in Sources */ = {isa = PBXBuildFile; fileRef = AF5F8B16216A0D4D009304C5 /* ViewController.swift */; };
		AF5F8B18216A0D4D009304C5 /* ViewController.swift in Sources */ = {isa = PBXBuildFile; fileRef = AF5F8B16216A0D4D009304C5 /* ViewController.swift */; };
		AF5F8B19216A0D4D009304C5 /* ViewController.swift in Sources */ = {isa = PBXBuildFile; fileRef = AF5F8B16216A0D4D009304C5 /* ViewController.swift */; };
		AF90D5B3216931880063CEF9 /* AppDelegate.swift in Sources */ = {isa = PBXBuildFile; fileRef = AF90D5B2216931880063CEF9 /* AppDelegate.swift */; };
		AF90D5B8216931880063CEF9 /* Main.storyboard in Resources */ = {isa = PBXBuildFile; fileRef = AF90D5B6216931880063CEF9 /* Main.storyboard */; };
		AF90D5BA216931890063CEF9 /* Assets.xcassets in Resources */ = {isa = PBXBuildFile; fileRef = AF90D5B9216931890063CEF9 /* Assets.xcassets */; };
		AF90D5BD216931890063CEF9 /* LaunchScreen.storyboard in Resources */ = {isa = PBXBuildFile; fileRef = AF90D5BB216931890063CEF9 /* LaunchScreen.storyboard */; };
		AF90D5C8216931890063CEF9 /* Flu_Shot_FinderTests.swift in Sources */ = {isa = PBXBuildFile; fileRef = AF90D5C7216931890063CEF9 /* Flu_Shot_FinderTests.swift */; };
		AF90D5D3216931890063CEF9 /* Flu_Shot_FinderUITests.swift in Sources */ = {isa = PBXBuildFile; fileRef = AF90D5D2216931890063CEF9 /* Flu_Shot_FinderUITests.swift */; };
		CDC0A1782169A656007F5653 /* style.json in Resources */ = {isa = PBXBuildFile; fileRef = CDC0A1772169A656007F5653 /* style.json */; };
		EA1610C1D4CF6F09EB538DEF /* Pods_Flu_Shot_Finder.framework in Frameworks */ = {isa = PBXBuildFile; fileRef = 421C2523E526CA19B64EFE42 /* Pods_Flu_Shot_Finder.framework */; };
/* End PBXBuildFile section */

/* Begin PBXContainerItemProxy section */
		AF90D5C4216931890063CEF9 /* PBXContainerItemProxy */ = {
			isa = PBXContainerItemProxy;
			containerPortal = AF90D5A7216931880063CEF9 /* Project object */;
			proxyType = 1;
			remoteGlobalIDString = AF90D5AE216931880063CEF9;
			remoteInfo = "Flu Shot Finder";
		};
		AF90D5CF216931890063CEF9 /* PBXContainerItemProxy */ = {
			isa = PBXContainerItemProxy;
			containerPortal = AF90D5A7216931880063CEF9 /* Project object */;
			proxyType = 1;
			remoteGlobalIDString = AF90D5AE216931880063CEF9;
			remoteInfo = "Flu Shot Finder";
		};
/* End PBXContainerItemProxy section */

/* Begin PBXFileReference section */
		421C2523E526CA19B64EFE42 /* Pods_Flu_Shot_Finder.framework */ = {isa = PBXFileReference; explicitFileType = wrapper.framework; includeInIndex = 0; path = Pods_Flu_Shot_Finder.framework; sourceTree = BUILT_PRODUCTS_DIR; };
		57C4DEDA7894033D151028D4 /* Pods-Flu Shot Finder.release.xcconfig */ = {isa = PBXFileReference; includeInIndex = 1; lastKnownFileType = text.xcconfig; name = "Pods-Flu Shot Finder.release.xcconfig"; path = "Pods/Target Support Files/Pods-Flu Shot Finder/Pods-Flu Shot Finder.release.xcconfig"; sourceTree = "<group>"; };
		62FE65BA21693F8700A07EB8 /* Podfile */ = {isa = PBXFileReference; lastKnownFileType = text; path = Podfile; sourceTree = "<group>"; xcLanguageSpecificationIdentifier = xcode.lang.ruby; };
		AF5F8AC721697EF8009304C5 /* FluShotProviders.swift */ = {isa = PBXFileReference; lastKnownFileType = sourcecode.swift; path = FluShotProviders.swift; sourceTree = "<group>"; };
		AF5F8B0E216A0565009304C5 /* SegueFromLeft.swift */ = {isa = PBXFileReference; lastKnownFileType = sourcecode.swift; path = SegueFromLeft.swift; sourceTree = "<group>"; };
		AF5F8B12216A0A27009304C5 /* UIPickerController.swift */ = {isa = PBXFileReference; lastKnownFileType = sourcecode.swift; path = UIPickerController.swift; sourceTree = "<group>"; };
		AF5F8B16216A0D4D009304C5 /* ViewController.swift */ = {isa = PBXFileReference; lastKnownFileType = sourcecode.swift; path = ViewController.swift; sourceTree = "<group>"; };
		AF90D5AF216931880063CEF9 /* Flu Shot Finder.app */ = {isa = PBXFileReference; explicitFileType = wrapper.application; includeInIndex = 0; path = "Flu Shot Finder.app"; sourceTree = BUILT_PRODUCTS_DIR; };
		AF90D5B2216931880063CEF9 /* AppDelegate.swift */ = {isa = PBXFileReference; lastKnownFileType = sourcecode.swift; path = AppDelegate.swift; sourceTree = "<group>"; };
		AF90D5B7216931880063CEF9 /* Base */ = {isa = PBXFileReference; lastKnownFileType = file.storyboard; name = Base; path = Base.lproj/Main.storyboard; sourceTree = "<group>"; };
		AF90D5B9216931890063CEF9 /* Assets.xcassets */ = {isa = PBXFileReference; lastKnownFileType = folder.assetcatalog; path = Assets.xcassets; sourceTree = "<group>"; };
		AF90D5BC216931890063CEF9 /* Base */ = {isa = PBXFileReference; lastKnownFileType = file.storyboard; name = Base; path = Base.lproj/LaunchScreen.storyboard; sourceTree = "<group>"; };
		AF90D5BE216931890063CEF9 /* Info.plist */ = {isa = PBXFileReference; lastKnownFileType = text.plist.xml; path = Info.plist; sourceTree = "<group>"; };
		AF90D5C3216931890063CEF9 /* Flu Shot FinderTests.xctest */ = {isa = PBXFileReference; explicitFileType = wrapper.cfbundle; includeInIndex = 0; path = "Flu Shot FinderTests.xctest"; sourceTree = BUILT_PRODUCTS_DIR; };
		AF90D5C7216931890063CEF9 /* Flu_Shot_FinderTests.swift */ = {isa = PBXFileReference; lastKnownFileType = sourcecode.swift; path = Flu_Shot_FinderTests.swift; sourceTree = "<group>"; };
		AF90D5C9216931890063CEF9 /* Info.plist */ = {isa = PBXFileReference; lastKnownFileType = text.plist.xml; path = Info.plist; sourceTree = "<group>"; };
		AF90D5CE216931890063CEF9 /* Flu Shot FinderUITests.xctest */ = {isa = PBXFileReference; explicitFileType = wrapper.cfbundle; includeInIndex = 0; path = "Flu Shot FinderUITests.xctest"; sourceTree = BUILT_PRODUCTS_DIR; };
		AF90D5D2216931890063CEF9 /* Flu_Shot_FinderUITests.swift */ = {isa = PBXFileReference; lastKnownFileType = sourcecode.swift; path = Flu_Shot_FinderUITests.swift; sourceTree = "<group>"; };
		AF90D5D4216931890063CEF9 /* Info.plist */ = {isa = PBXFileReference; lastKnownFileType = text.plist.xml; path = Info.plist; sourceTree = "<group>"; };
		CDC0A1772169A656007F5653 /* style.json */ = {isa = PBXFileReference; lastKnownFileType = text.json; path = style.json; sourceTree = "<group>"; };
		DFE4D5D1730E45088AB02100 /* Pods-Flu Shot Finder.debug.xcconfig */ = {isa = PBXFileReference; includeInIndex = 1; lastKnownFileType = text.xcconfig; name = "Pods-Flu Shot Finder.debug.xcconfig"; path = "Pods/Target Support Files/Pods-Flu Shot Finder/Pods-Flu Shot Finder.debug.xcconfig"; sourceTree = "<group>"; };
/* End PBXFileReference section */

/* Begin PBXFrameworksBuildPhase section */
		AF90D5AC216931880063CEF9 /* Frameworks */ = {
			isa = PBXFrameworksBuildPhase;
			buildActionMask = 2147483647;
			files = (
				EA1610C1D4CF6F09EB538DEF /* Pods_Flu_Shot_Finder.framework in Frameworks */,
			);
			runOnlyForDeploymentPostprocessing = 0;
		};
		AF90D5C0216931890063CEF9 /* Frameworks */ = {
			isa = PBXFrameworksBuildPhase;
			buildActionMask = 2147483647;
			files = (
			);
			runOnlyForDeploymentPostprocessing = 0;
		};
		AF90D5CB216931890063CEF9 /* Frameworks */ = {
			isa = PBXFrameworksBuildPhase;
			buildActionMask = 2147483647;
			files = (
			);
			runOnlyForDeploymentPostprocessing = 0;
		};
/* End PBXFrameworksBuildPhase section */

/* Begin PBXGroup section */
		06000E75AA919D5BB38840D0 /* Frameworks */ = {
			isa = PBXGroup;
			children = (
				421C2523E526CA19B64EFE42 /* Pods_Flu_Shot_Finder.framework */,
			);
			name = Frameworks;
			sourceTree = "<group>";
		};
		AF90D5A6216931880063CEF9 = {
			isa = PBXGroup;
			children = (
				62FE65BA21693F8700A07EB8 /* Podfile */,
				AF90D5B1216931880063CEF9 /* Flu Shot Finder */,
				AF90D5C6216931890063CEF9 /* Flu Shot FinderTests */,
				AF90D5D1216931890063CEF9 /* Flu Shot FinderUITests */,
				AF90D5B0216931880063CEF9 /* Products */,
				B29A8EAD2B1EAE704DEA71B6 /* Pods */,
				06000E75AA919D5BB38840D0 /* Frameworks */,
			);
			sourceTree = "<group>";
		};
		AF90D5B0216931880063CEF9 /* Products */ = {
			isa = PBXGroup;
			children = (
				AF90D5AF216931880063CEF9 /* Flu Shot Finder.app */,
				AF90D5C3216931890063CEF9 /* Flu Shot FinderTests.xctest */,
				AF90D5CE216931890063CEF9 /* Flu Shot FinderUITests.xctest */,
			);
			name = Products;
			sourceTree = "<group>";
		};
		AF90D5B1216931880063CEF9 /* Flu Shot Finder */ = {
			isa = PBXGroup;
			children = (
				AF90D5B2216931880063CEF9 /* AppDelegate.swift */,
				AF90D5B6216931880063CEF9 /* Main.storyboard */,
				CDC0A1772169A656007F5653 /* style.json */,
				AF90D5B9216931890063CEF9 /* Assets.xcassets */,
				AF90D5BB216931890063CEF9 /* LaunchScreen.storyboard */,
				AF90D5BE216931890063CEF9 /* Info.plist */,
				AF5F8AC721697EF8009304C5 /* FluShotProviders.swift */,
				AF5F8B0E216A0565009304C5 /* SegueFromLeft.swift */,
				AF5F8B12216A0A27009304C5 /* UIPickerController.swift */,
				AF5F8B16216A0D4D009304C5 /* ViewController.swift */,
			);
			path = "Flu Shot Finder";
			sourceTree = "<group>";
		};
		AF90D5C6216931890063CEF9 /* Flu Shot FinderTests */ = {
			isa = PBXGroup;
			children = (
				AF90D5C7216931890063CEF9 /* Flu_Shot_FinderTests.swift */,
				AF90D5C9216931890063CEF9 /* Info.plist */,
			);
			path = "Flu Shot FinderTests";
			sourceTree = "<group>";
		};
		AF90D5D1216931890063CEF9 /* Flu Shot FinderUITests */ = {
			isa = PBXGroup;
			children = (
				AF90D5D2216931890063CEF9 /* Flu_Shot_FinderUITests.swift */,
				AF90D5D4216931890063CEF9 /* Info.plist */,
			);
			path = "Flu Shot FinderUITests";
			sourceTree = "<group>";
		};
		B29A8EAD2B1EAE704DEA71B6 /* Pods */ = {
			isa = PBXGroup;
			children = (
				DFE4D5D1730E45088AB02100 /* Pods-Flu Shot Finder.debug.xcconfig */,
				57C4DEDA7894033D151028D4 /* Pods-Flu Shot Finder.release.xcconfig */,
			);
			name = Pods;
			sourceTree = "<group>";
		};
/* End PBXGroup section */

/* Begin PBXNativeTarget section */
		AF90D5AE216931880063CEF9 /* Flu Shot Finder */ = {
			isa = PBXNativeTarget;
			buildConfigurationList = AF90D5D7216931890063CEF9 /* Build configuration list for PBXNativeTarget "Flu Shot Finder" */;
			buildPhases = (
				DFA3D6E78FC51E8B40CA30BD /* [CP] Check Pods Manifest.lock */,
				AF90D5AB216931880063CEF9 /* Sources */,
				AF90D5AC216931880063CEF9 /* Frameworks */,
				AF90D5AD216931880063CEF9 /* Resources */,
				92115F70BDBC0EB604270CC5 /* [CP] Copy Pods Resources */,
				6E8F3E2F15F7E69E524B83A7 /* [CP] Embed Pods Frameworks */,
			);
			buildRules = (
			);
			dependencies = (
			);
			name = "Flu Shot Finder";
			productName = "Flu Shot Finder";
			productReference = AF90D5AF216931880063CEF9 /* Flu Shot Finder.app */;
			productType = "com.apple.product-type.application";
		};
		AF90D5C2216931890063CEF9 /* Flu Shot FinderTests */ = {
			isa = PBXNativeTarget;
			buildConfigurationList = AF90D5DA216931890063CEF9 /* Build configuration list for PBXNativeTarget "Flu Shot FinderTests" */;
			buildPhases = (
				AF90D5BF216931890063CEF9 /* Sources */,
				AF90D5C0216931890063CEF9 /* Frameworks */,
				AF90D5C1216931890063CEF9 /* Resources */,
			);
			buildRules = (
			);
			dependencies = (
				AF90D5C5216931890063CEF9 /* PBXTargetDependency */,
			);
			name = "Flu Shot FinderTests";
			productName = "Flu Shot FinderTests";
			productReference = AF90D5C3216931890063CEF9 /* Flu Shot FinderTests.xctest */;
			productType = "com.apple.product-type.bundle.unit-test";
		};
		AF90D5CD216931890063CEF9 /* Flu Shot FinderUITests */ = {
			isa = PBXNativeTarget;
			buildConfigurationList = AF90D5DD216931890063CEF9 /* Build configuration list for PBXNativeTarget "Flu Shot FinderUITests" */;
			buildPhases = (
				AF90D5CA216931890063CEF9 /* Sources */,
				AF90D5CB216931890063CEF9 /* Frameworks */,
				AF90D5CC216931890063CEF9 /* Resources */,
			);
			buildRules = (
			);
			dependencies = (
				AF90D5D0216931890063CEF9 /* PBXTargetDependency */,
			);
			name = "Flu Shot FinderUITests";
			productName = "Flu Shot FinderUITests";
			productReference = AF90D5CE216931890063CEF9 /* Flu Shot FinderUITests.xctest */;
			productType = "com.apple.product-type.bundle.ui-testing";
		};
/* End PBXNativeTarget section */

/* Begin PBXProject section */
		AF90D5A7216931880063CEF9 /* Project object */ = {
			isa = PBXProject;
			attributes = {
				LastSwiftUpdateCheck = 1000;
				LastUpgradeCheck = 1000;
				ORGANIZATIONNAME = "Patrick Paxson";
				TargetAttributes = {
					AF90D5AE216931880063CEF9 = {
						CreatedOnToolsVersion = 10.0;
						SystemCapabilities = {
							com.apple.Push = {
								enabled = 0;
							};
						};
					};
					AF90D5C2216931890063CEF9 = {
						CreatedOnToolsVersion = 10.0;
						TestTargetID = AF90D5AE216931880063CEF9;
					};
					AF90D5CD216931890063CEF9 = {
						CreatedOnToolsVersion = 10.0;
						TestTargetID = AF90D5AE216931880063CEF9;
					};
				};
			};
			buildConfigurationList = AF90D5AA216931880063CEF9 /* Build configuration list for PBXProject "Flu Shot Finder" */;
			compatibilityVersion = "Xcode 9.3";
			developmentRegion = en;
			hasScannedForEncodings = 0;
			knownRegions = (
				en,
				Base,
			);
			mainGroup = AF90D5A6216931880063CEF9;
			productRefGroup = AF90D5B0216931880063CEF9 /* Products */;
			projectDirPath = "";
			projectRoot = "";
			targets = (
				AF90D5AE216931880063CEF9 /* Flu Shot Finder */,
				AF90D5C2216931890063CEF9 /* Flu Shot FinderTests */,
				AF90D5CD216931890063CEF9 /* Flu Shot FinderUITests */,
			);
		};
/* End PBXProject section */

/* Begin PBXResourcesBuildPhase section */
		AF90D5AD216931880063CEF9 /* Resources */ = {
			isa = PBXResourcesBuildPhase;
			buildActionMask = 2147483647;
			files = (
				AF90D5BD216931890063CEF9 /* LaunchScreen.storyboard in Resources */,
				AF90D5BA216931890063CEF9 /* Assets.xcassets in Resources */,
				62FE65BB21693F8700A07EB8 /* Podfile in Resources */,
				CDC0A1782169A656007F5653 /* style.json in Resources */,
				AF90D5B8216931880063CEF9 /* Main.storyboard in Resources */,
			);
			runOnlyForDeploymentPostprocessing = 0;
		};
		AF90D5C1216931890063CEF9 /* Resources */ = {
			isa = PBXResourcesBuildPhase;
			buildActionMask = 2147483647;
			files = (
			);
			runOnlyForDeploymentPostprocessing = 0;
		};
		AF90D5CC216931890063CEF9 /* Resources */ = {
			isa = PBXResourcesBuildPhase;
			buildActionMask = 2147483647;
			files = (
			);
			runOnlyForDeploymentPostprocessing = 0;
		};
/* End PBXResourcesBuildPhase section */

/* Begin PBXShellScriptBuildPhase section */
		6E8F3E2F15F7E69E524B83A7 /* [CP] Embed Pods Frameworks */ = {
			isa = PBXShellScriptBuildPhase;
			buildActionMask = 2147483647;
			files = (
			);
			inputPaths = (
				"${SRCROOT}/Pods/Target Support Files/Pods-Flu Shot Finder/Pods-Flu Shot Finder-frameworks.sh",
				"${BUILT_PRODUCTS_DIR}/AWSAuthCore/AWSAuthCore.framework",
				"${BUILT_PRODUCTS_DIR}/AWSCore/AWSCore.framework",
				"${BUILT_PRODUCTS_DIR}/AWSDynamoDB/AWSDynamoDB.framework",
				"${BUILT_PRODUCTS_DIR}/AWSMobileClient/AWSMobileClient.framework",
			);
			name = "[CP] Embed Pods Frameworks";
			outputPaths = (
				"${TARGET_BUILD_DIR}/${FRAMEWORKS_FOLDER_PATH}/AWSAuthCore.framework",
				"${TARGET_BUILD_DIR}/${FRAMEWORKS_FOLDER_PATH}/AWSCore.framework",
				"${TARGET_BUILD_DIR}/${FRAMEWORKS_FOLDER_PATH}/AWSDynamoDB.framework",
				"${TARGET_BUILD_DIR}/${FRAMEWORKS_FOLDER_PATH}/AWSMobileClient.framework",
			);
			runOnlyForDeploymentPostprocessing = 0;
			shellPath = /bin/sh;
			shellScript = "\"${SRCROOT}/Pods/Target Support Files/Pods-Flu Shot Finder/Pods-Flu Shot Finder-frameworks.sh\"\n";
			showEnvVarsInLog = 0;
		};
		92115F70BDBC0EB604270CC5 /* [CP] Copy Pods Resources */ = {
			isa = PBXShellScriptBuildPhase;
			buildActionMask = 2147483647;
			files = (
			);
			inputPaths = (
				"${SRCROOT}/Pods/Target Support Files/Pods-Flu Shot Finder/Pods-Flu Shot Finder-resources.sh",
				"${PODS_ROOT}/GoogleMaps/Maps/Frameworks/GoogleMaps.framework/Resources/GoogleMaps.bundle",
				"${PODS_ROOT}/GooglePlaces/Frameworks/GooglePlaces.framework/Resources/GooglePlaces.bundle",
			);
			name = "[CP] Copy Pods Resources";
			outputPaths = (
				"${TARGET_BUILD_DIR}/${UNLOCALIZED_RESOURCES_FOLDER_PATH}/GoogleMaps.bundle",
				"${TARGET_BUILD_DIR}/${UNLOCALIZED_RESOURCES_FOLDER_PATH}/GooglePlaces.bundle",
			);
			runOnlyForDeploymentPostprocessing = 0;
			shellPath = /bin/sh;
			shellScript = "\"${SRCROOT}/Pods/Target Support Files/Pods-Flu Shot Finder/Pods-Flu Shot Finder-resources.sh\"\n";
			showEnvVarsInLog = 0;
		};
		DFA3D6E78FC51E8B40CA30BD /* [CP] Check Pods Manifest.lock */ = {
			isa = PBXShellScriptBuildPhase;
			buildActionMask = 2147483647;
			files = (
			);
			inputPaths = (
				"${PODS_PODFILE_DIR_PATH}/Podfile.lock",
				"${PODS_ROOT}/Manifest.lock",
			);
			name = "[CP] Check Pods Manifest.lock";
			outputPaths = (
				"$(DERIVED_FILE_DIR)/Pods-Flu Shot Finder-checkManifestLockResult.txt",
			);
			runOnlyForDeploymentPostprocessing = 0;
			shellPath = /bin/sh;
			shellScript = "diff \"${PODS_PODFILE_DIR_PATH}/Podfile.lock\" \"${PODS_ROOT}/Manifest.lock\" > /dev/null\nif [ $? != 0 ] ; then\n    # print error to STDERR\n    echo \"error: The sandbox is not in sync with the Podfile.lock. Run 'pod install' or update your CocoaPods installation.\" >&2\n    exit 1\nfi\n# This output is used by Xcode 'outputs' to avoid re-running this script phase.\necho \"SUCCESS\" > \"${SCRIPT_OUTPUT_FILE_0}\"\n";
			showEnvVarsInLog = 0;
		};
/* End PBXShellScriptBuildPhase section */

/* Begin PBXSourcesBuildPhase section */
		AF90D5AB216931880063CEF9 /* Sources */ = {
			isa = PBXSourcesBuildPhase;
			buildActionMask = 2147483647;
			files = (
				AF5F8B17216A0D4D009304C5 /* ViewController.swift in Sources */,
				AF90D5B3216931880063CEF9 /* AppDelegate.swift in Sources */,
				AF5F8B0F216A0565009304C5 /* SegueFromLeft.swift in Sources */,
				AF5F8AC821697EF8009304C5 /* FluShotProviders.swift in Sources */,
				AF5F8B13216A0A27009304C5 /* UIPickerController.swift in Sources */,
			);
			runOnlyForDeploymentPostprocessing = 0;
		};
		AF90D5BF216931890063CEF9 /* Sources */ = {
			isa = PBXSourcesBuildPhase;
			buildActionMask = 2147483647;
			files = (
				AF5F8B18216A0D4D009304C5 /* ViewController.swift in Sources */,
				AF5F8AC921697EF8009304C5 /* FluShotProviders.swift in Sources */,
				AF5F8B10216A0565009304C5 /* SegueFromLeft.swift in Sources */,
				AF90D5C8216931890063CEF9 /* Flu_Shot_FinderTests.swift in Sources */,
				AF5F8B14216A0A27009304C5 /* UIPickerController.swift in Sources */,
			);
			runOnlyForDeploymentPostprocessing = 0;
		};
		AF90D5CA216931890063CEF9 /* Sources */ = {
			isa = PBXSourcesBuildPhase;
			buildActionMask = 2147483647;
			files = (
				AF5F8B19216A0D4D009304C5 /* ViewController.swift in Sources */,
				AF5F8ACA21697EF8009304C5 /* FluShotProviders.swift in Sources */,
				AF5F8B11216A0565009304C5 /* SegueFromLeft.swift in Sources */,
				AF90D5D3216931890063CEF9 /* Flu_Shot_FinderUITests.swift in Sources */,
				AF5F8B15216A0A27009304C5 /* UIPickerController.swift in Sources */,
			);
			runOnlyForDeploymentPostprocessing = 0;
		};
/* End PBXSourcesBuildPhase section */

/* Begin PBXTargetDependency section */
		AF90D5C5216931890063CEF9 /* PBXTargetDependency */ = {
			isa = PBXTargetDependency;
			target = AF90D5AE216931880063CEF9 /* Flu Shot Finder */;
			targetProxy = AF90D5C4216931890063CEF9 /* PBXContainerItemProxy */;
		};
		AF90D5D0216931890063CEF9 /* PBXTargetDependency */ = {
			isa = PBXTargetDependency;
			target = AF90D5AE216931880063CEF9 /* Flu Shot Finder */;
			targetProxy = AF90D5CF216931890063CEF9 /* PBXContainerItemProxy */;
		};
/* End PBXTargetDependency section */

/* Begin PBXVariantGroup section */
		AF90D5B6216931880063CEF9 /* Main.storyboard */ = {
			isa = PBXVariantGroup;
			children = (
				AF90D5B7216931880063CEF9 /* Base */,
			);
			name = Main.storyboard;
			sourceTree = "<group>";
		};
		AF90D5BB216931890063CEF9 /* LaunchScreen.storyboard */ = {
			isa = PBXVariantGroup;
			children = (
				AF90D5BC216931890063CEF9 /* Base */,
			);
			name = LaunchScreen.storyboard;
			sourceTree = "<group>";
		};
/* End PBXVariantGroup section */

/* Begin XCBuildConfiguration section */
		AF90D5D5216931890063CEF9 /* Debug */ = {
			isa = XCBuildConfiguration;
			buildSettings = {
				ALWAYS_SEARCH_USER_PATHS = NO;
				CLANG_ANALYZER_NONNULL = YES;
				CLANG_ANALYZER_NUMBER_OBJECT_CONVERSION = YES_AGGRESSIVE;
				CLANG_CXX_LANGUAGE_STANDARD = "gnu++14";
				CLANG_CXX_LIBRARY = "libc++";
				CLANG_ENABLE_MODULES = YES;
				CLANG_ENABLE_OBJC_ARC = YES;
				CLANG_ENABLE_OBJC_WEAK = YES;
				CLANG_WARN_BLOCK_CAPTURE_AUTORELEASING = YES;
				CLANG_WARN_BOOL_CONVERSION = YES;
				CLANG_WARN_COMMA = YES;
				CLANG_WARN_CONSTANT_CONVERSION = YES;
				CLANG_WARN_DEPRECATED_OBJC_IMPLEMENTATIONS = YES;
				CLANG_WARN_DIRECT_OBJC_ISA_USAGE = YES_ERROR;
				CLANG_WARN_DOCUMENTATION_COMMENTS = YES;
				CLANG_WARN_EMPTY_BODY = YES;
				CLANG_WARN_ENUM_CONVERSION = YES;
				CLANG_WARN_INFINITE_RECURSION = YES;
				CLANG_WARN_INT_CONVERSION = YES;
				CLANG_WARN_NON_LITERAL_NULL_CONVERSION = YES;
				CLANG_WARN_OBJC_IMPLICIT_RETAIN_SELF = YES;
				CLANG_WARN_OBJC_LITERAL_CONVERSION = YES;
				CLANG_WARN_OBJC_ROOT_CLASS = YES_ERROR;
				CLANG_WARN_RANGE_LOOP_ANALYSIS = YES;
				CLANG_WARN_STRICT_PROTOTYPES = YES;
				CLANG_WARN_SUSPICIOUS_MOVE = YES;
				CLANG_WARN_UNGUARDED_AVAILABILITY = YES_AGGRESSIVE;
				CLANG_WARN_UNREACHABLE_CODE = YES;
				CLANG_WARN__DUPLICATE_METHOD_MATCH = YES;
				CODE_SIGN_IDENTITY = "iPhone Developer";
				COPY_PHASE_STRIP = NO;
				DEBUG_INFORMATION_FORMAT = dwarf;
				ENABLE_STRICT_OBJC_MSGSEND = YES;
				ENABLE_TESTABILITY = YES;
				GCC_C_LANGUAGE_STANDARD = gnu11;
				GCC_DYNAMIC_NO_PIC = NO;
				GCC_NO_COMMON_BLOCKS = YES;
				GCC_OPTIMIZATION_LEVEL = 0;
				GCC_PREPROCESSOR_DEFINITIONS = (
					"DEBUG=1",
					"$(inherited)",
				);
				GCC_WARN_64_TO_32_BIT_CONVERSION = YES;
				GCC_WARN_ABOUT_RETURN_TYPE = YES_ERROR;
				GCC_WARN_UNDECLARED_SELECTOR = YES;
				GCC_WARN_UNINITIALIZED_AUTOS = YES_AGGRESSIVE;
				GCC_WARN_UNUSED_FUNCTION = YES;
				GCC_WARN_UNUSED_VARIABLE = YES;
				IPHONEOS_DEPLOYMENT_TARGET = 12.0;
				MTL_ENABLE_DEBUG_INFO = INCLUDE_SOURCE;
				MTL_FAST_MATH = YES;
				ONLY_ACTIVE_ARCH = YES;
				SDKROOT = iphoneos;
				SWIFT_ACTIVE_COMPILATION_CONDITIONS = DEBUG;
				SWIFT_OPTIMIZATION_LEVEL = "-Onone";
			};
			name = Debug;
		};
		AF90D5D6216931890063CEF9 /* Release */ = {
			isa = XCBuildConfiguration;
			buildSettings = {
				ALWAYS_SEARCH_USER_PATHS = NO;
				CLANG_ANALYZER_NONNULL = YES;
				CLANG_ANALYZER_NUMBER_OBJECT_CONVERSION = YES_AGGRESSIVE;
				CLANG_CXX_LANGUAGE_STANDARD = "gnu++14";
				CLANG_CXX_LIBRARY = "libc++";
				CLANG_ENABLE_MODULES = YES;
				CLANG_ENABLE_OBJC_ARC = YES;
				CLANG_ENABLE_OBJC_WEAK = YES;
				CLANG_WARN_BLOCK_CAPTURE_AUTORELEASING = YES;
				CLANG_WARN_BOOL_CONVERSION = YES;
				CLANG_WARN_COMMA = YES;
				CLANG_WARN_CONSTANT_CONVERSION = YES;
				CLANG_WARN_DEPRECATED_OBJC_IMPLEMENTATIONS = YES;
				CLANG_WARN_DIRECT_OBJC_ISA_USAGE = YES_ERROR;
				CLANG_WARN_DOCUMENTATION_COMMENTS = YES;
				CLANG_WARN_EMPTY_BODY = YES;
				CLANG_WARN_ENUM_CONVERSION = YES;
				CLANG_WARN_INFINITE_RECURSION = YES;
				CLANG_WARN_INT_CONVERSION = YES;
				CLANG_WARN_NON_LITERAL_NULL_CONVERSION = YES;
				CLANG_WARN_OBJC_IMPLICIT_RETAIN_SELF = YES;
				CLANG_WARN_OBJC_LITERAL_CONVERSION = YES;
				CLANG_WARN_OBJC_ROOT_CLASS = YES_ERROR;
				CLANG_WARN_RANGE_LOOP_ANALYSIS = YES;
				CLANG_WARN_STRICT_PROTOTYPES = YES;
				CLANG_WARN_SUSPICIOUS_MOVE = YES;
				CLANG_WARN_UNGUARDED_AVAILABILITY = YES_AGGRESSIVE;
				CLANG_WARN_UNREACHABLE_CODE = YES;
				CLANG_WARN__DUPLICATE_METHOD_MATCH = YES;
				CODE_SIGN_IDENTITY = "iPhone Developer";
				COPY_PHASE_STRIP = NO;
				DEBUG_INFORMATION_FORMAT = "dwarf-with-dsym";
				ENABLE_NS_ASSERTIONS = NO;
				ENABLE_STRICT_OBJC_MSGSEND = YES;
				GCC_C_LANGUAGE_STANDARD = gnu11;
				GCC_NO_COMMON_BLOCKS = YES;
				GCC_WARN_64_TO_32_BIT_CONVERSION = YES;
				GCC_WARN_ABOUT_RETURN_TYPE = YES_ERROR;
				GCC_WARN_UNDECLARED_SELECTOR = YES;
				GCC_WARN_UNINITIALIZED_AUTOS = YES_AGGRESSIVE;
				GCC_WARN_UNUSED_FUNCTION = YES;
				GCC_WARN_UNUSED_VARIABLE = YES;
				IPHONEOS_DEPLOYMENT_TARGET = 12.0;
				MTL_ENABLE_DEBUG_INFO = NO;
				MTL_FAST_MATH = YES;
				SDKROOT = iphoneos;
				SWIFT_COMPILATION_MODE = wholemodule;
				SWIFT_OPTIMIZATION_LEVEL = "-O";
				VALIDATE_PRODUCT = YES;
			};
			name = Release;
		};
		AF90D5D8216931890063CEF9 /* Debug */ = {
			isa = XCBuildConfiguration;
			baseConfigurationReference = DFE4D5D1730E45088AB02100 /* Pods-Flu Shot Finder.debug.xcconfig */;
			buildSettings = {
				ASSETCATALOG_COMPILER_APPICON_NAME = AppIcon;
				CODE_SIGN_STYLE = Automatic;
				DEVELOPMENT_TEAM = R3M7P9E6GW;
				INFOPLIST_FILE = "Flu Shot Finder/Info.plist";
				IPHONEOS_DEPLOYMENT_TARGET = 11.4;
				LD_RUNPATH_SEARCH_PATHS = (
					"$(inherited)",
					"@executable_path/Frameworks",
				);
				PRODUCT_BUNDLE_IDENTIFIER = "com.AllavantTelemedicine.Flu-Shot-Finder";
				PRODUCT_NAME = "$(TARGET_NAME)";
				SWIFT_OBJC_BRIDGING_HEADER = "";
				SWIFT_VERSION = 4.2;
				TARGETED_DEVICE_FAMILY = "1,2";
			};
			name = Debug;
		};
		AF90D5D9216931890063CEF9 /* Release */ = {
			isa = XCBuildConfiguration;
			baseConfigurationReference = 57C4DEDA7894033D151028D4 /* Pods-Flu Shot Finder.release.xcconfig */;
			buildSettings = {
				ASSETCATALOG_COMPILER_APPICON_NAME = AppIcon;
				CODE_SIGN_STYLE = Automatic;
				DEVELOPMENT_TEAM = R3M7P9E6GW;
				INFOPLIST_FILE = "Flu Shot Finder/Info.plist";
				IPHONEOS_DEPLOYMENT_TARGET = 11.4;
				LD_RUNPATH_SEARCH_PATHS = (
					"$(inherited)",
					"@executable_path/Frameworks",
				);
				PRODUCT_BUNDLE_IDENTIFIER = "com.AllavantTelemedicine.Flu-Shot-Finder";
				PRODUCT_NAME = "$(TARGET_NAME)";
				SWIFT_OBJC_BRIDGING_HEADER = "";
				SWIFT_VERSION = 4.2;
				TARGETED_DEVICE_FAMILY = "1,2";
			};
			name = Release;
		};
		AF90D5DB216931890063CEF9 /* Debug */ = {
			isa = XCBuildConfiguration;
			buildSettings = {
				ALWAYS_EMBED_SWIFT_STANDARD_LIBRARIES = YES;
				BUNDLE_LOADER = "$(TEST_HOST)";
				CODE_SIGN_STYLE = Automatic;
				DEVELOPMENT_TEAM = R3M7P9E6GW;
				INFOPLIST_FILE = "Flu Shot FinderTests/Info.plist";
				IPHONEOS_DEPLOYMENT_TARGET = 11.4;
				LD_RUNPATH_SEARCH_PATHS = (
					"$(inherited)",
					"@executable_path/Frameworks",
					"@loader_path/Frameworks",
				);
				PRODUCT_BUNDLE_IDENTIFIER = "com.PanaceaTelemedicine.Flu-Shot-FinderTests";
				PRODUCT_NAME = "$(TARGET_NAME)";
				SWIFT_VERSION = 4.2;
				TARGETED_DEVICE_FAMILY = "1,2";
				TEST_HOST = "$(BUILT_PRODUCTS_DIR)/Flu Shot Finder.app/Flu Shot Finder";
			};
			name = Debug;
		};
		AF90D5DC216931890063CEF9 /* Release */ = {
			isa = XCBuildConfiguration;
			buildSettings = {
				ALWAYS_EMBED_SWIFT_STANDARD_LIBRARIES = YES;
				BUNDLE_LOADER = "$(TEST_HOST)";
				CODE_SIGN_STYLE = Automatic;
				DEVELOPMENT_TEAM = R3M7P9E6GW;
				INFOPLIST_FILE = "Flu Shot FinderTests/Info.plist";
				IPHONEOS_DEPLOYMENT_TARGET = 11.4;
				LD_RUNPATH_SEARCH_PATHS = (
					"$(inherited)",
					"@executable_path/Frameworks",
					"@loader_path/Frameworks",
				);
				PRODUCT_BUNDLE_IDENTIFIER = "com.PanaceaTelemedicine.Flu-Shot-FinderTests";
				PRODUCT_NAME = "$(TARGET_NAME)";
				SWIFT_VERSION = 4.2;
				TARGETED_DEVICE_FAMILY = "1,2";
				TEST_HOST = "$(BUILT_PRODUCTS_DIR)/Flu Shot Finder.app/Flu Shot Finder";
			};
			name = Release;
		};
		AF90D5DE216931890063CEF9 /* Debug */ = {
			isa = XCBuildConfiguration;
			buildSettings = {
				ALWAYS_EMBED_SWIFT_STANDARD_LIBRARIES = YES;
				CODE_SIGN_STYLE = Automatic;
				DEVELOPMENT_TEAM = R3M7P9E6GW;
				INFOPLIST_FILE = "Flu Shot FinderUITests/Info.plist";
				IPHONEOS_DEPLOYMENT_TARGET = 11.4;
				LD_RUNPATH_SEARCH_PATHS = (
					"$(inherited)",
					"@executable_path/Frameworks",
					"@loader_path/Frameworks",
				);
				PRODUCT_BUNDLE_IDENTIFIER = "com.PanaceaTelemedicine.Flu-Shot-FinderUITests";
				PRODUCT_NAME = "$(TARGET_NAME)";
				SWIFT_VERSION = 4.2;
				TARGETED_DEVICE_FAMILY = "1,2";
				TEST_TARGET_NAME = "Flu Shot Finder";
			};
			name = Debug;
		};
		AF90D5DF216931890063CEF9 /* Release */ = {
			isa = XCBuildConfiguration;
			buildSettings = {
				ALWAYS_EMBED_SWIFT_STANDARD_LIBRARIES = YES;
				CODE_SIGN_STYLE = Automatic;
				DEVELOPMENT_TEAM = R3M7P9E6GW;
				INFOPLIST_FILE = "Flu Shot FinderUITests/Info.plist";
				IPHONEOS_DEPLOYMENT_TARGET = 11.4;
				LD_RUNPATH_SEARCH_PATHS = (
					"$(inherited)",
					"@executable_path/Frameworks",
					"@loader_path/Frameworks",
				);
				PRODUCT_BUNDLE_IDENTIFIER = "com.PanaceaTelemedicine.Flu-Shot-FinderUITests";
				PRODUCT_NAME = "$(TARGET_NAME)";
				SWIFT_VERSION = 4.2;
				TARGETED_DEVICE_FAMILY = "1,2";
				TEST_TARGET_NAME = "Flu Shot Finder";
			};
			name = Release;
		};
/* End XCBuildConfiguration section */

/* Begin XCConfigurationList section */
		AF90D5AA216931880063CEF9 /* Build configuration list for PBXProject "Flu Shot Finder" */ = {
			isa = XCConfigurationList;
			buildConfigurations = (
				AF90D5D5216931890063CEF9 /* Debug */,
				AF90D5D6216931890063CEF9 /* Release */,
			);
			defaultConfigurationIsVisible = 0;
			defaultConfigurationName = Release;
		};
		AF90D5D7216931890063CEF9 /* Build configuration list for PBXNativeTarget "Flu Shot Finder" */ = {
			isa = XCConfigurationList;
			buildConfigurations = (
				AF90D5D8216931890063CEF9 /* Debug */,
				AF90D5D9216931890063CEF9 /* Release */,
			);
			defaultConfigurationIsVisible = 0;
			defaultConfigurationName = Release;
		};
		AF90D5DA216931890063CEF9 /* Build configuration list for PBXNativeTarget "Flu Shot FinderTests" */ = {
			isa = XCConfigurationList;
			buildConfigurations = (
				AF90D5DB216931890063CEF9 /* Debug */,
				AF90D5DC216931890063CEF9 /* Release */,
			);
			defaultConfigurationIsVisible = 0;
			defaultConfigurationName = Release;
		};
		AF90D5DD216931890063CEF9 /* Build configuration list for PBXNativeTarget "Flu Shot FinderUITests" */ = {
			isa = XCConfigurationList;
			buildConfigurations = (
				AF90D5DE216931890063CEF9 /* Debug */,
				AF90D5DF216931890063CEF9 /* Release */,
			);
			defaultConfigurationIsVisible = 0;
			defaultConfigurationName = Release;
		};
/* End XCConfigurationList section */
	};
	rootObject = AF90D5A7216931880063CEF9 /* Project object */;
}
